// !$*UTF8*$!
{
	archiveVersion = 1;
	classes = {
	};
	objectVersion = 46;
	objects = {

/* Begin PBXBuildFile section */
		77E48EA51CE20C5600394364 /* AppDelegate.swift in Sources */ = {isa = PBXBuildFile; fileRef = 77E48EA41CE20C5600394364 /* AppDelegate.swift */; };
		77E48EA71CE20C5600394364 /* ViewController.swift in Sources */ = {isa = PBXBuildFile; fileRef = 77E48EA61CE20C5600394364 /* ViewController.swift */; };
		77E48EAA1CE20C5600394364 /* Main.storyboard in Resources */ = {isa = PBXBuildFile; fileRef = 77E48EA81CE20C5600394364 /* Main.storyboard */; };
		77E48EAC1CE20C5600394364 /* Assets.xcassets in Resources */ = {isa = PBXBuildFile; fileRef = 77E48EAB1CE20C5600394364 /* Assets.xcassets */; };
		77E48EAF1CE20C5600394364 /* LaunchScreen.storyboard in Resources */ = {isa = PBXBuildFile; fileRef = 77E48EAD1CE20C5600394364 /* LaunchScreen.storyboard */; };
		77E48EB81CE2133600394364 /* crow.mp3 in Resources */ = {isa = PBXBuildFile; fileRef = 77E48EB61CE2133600394364 /* crow.mp3 */; };
		77E48EB91CE2133600394364 /* horses.mp3 in Resources */ = {isa = PBXBuildFile; fileRef = 77E48EB71CE2133600394364 /* horses.mp3 */; };
		77E48EBC1CE2138400394364 /* cat.mp3 in Resources */ = {isa = PBXBuildFile; fileRef = 77E48EBB1CE2138400394364 /* cat.mp3 */; };
/* End PBXBuildFile section */

/* Begin PBXFileReference section */
		77E48EA11CE20C5600394364 /* Week1.app */ = {isa = PBXFileReference; explicitFileType = wrapper.application; includeInIndex = 0; path = Week1.app; sourceTree = BUILT_PRODUCTS_DIR; };
		77E48EA41CE20C5600394364 /* AppDelegate.swift */ = {isa = PBXFileReference; lastKnownFileType = sourcecode.swift; path = AppDelegate.swift; sourceTree = "<group>"; };
		77E48EA61CE20C5600394364 /* ViewController.swift */ = {isa = PBXFileReference; lastKnownFileType = sourcecode.swift; path = ViewController.swift; sourceTree = "<group>"; };
		77E48EA91CE20C5600394364 /* Base */ = {isa = PBXFileReference; lastKnownFileType = file.storyboard; name = Base; path = Base.lproj/Main.storyboard; sourceTree = "<group>"; };
		77E48EAB1CE20C5600394364 /* Assets.xcassets */ = {isa = PBXFileReference; lastKnownFileType = folder.assetcatalog; path = Assets.xcassets; sourceTree = "<group>"; };
		77E48EAE1CE20C5600394364 /* Base */ = {isa = PBXFileReference; lastKnownFileType = file.storyboard; name = Base; path = Base.lproj/LaunchScreen.storyboard; sourceTree = "<group>"; };
		77E48EB01CE20C5600394364 /* Info.plist */ = {isa = PBXFileReference; lastKnownFileType = text.plist.xml; path = Info.plist; sourceTree = "<group>"; };
		77E48EB61CE2133600394364 /* crow.mp3 */ = {isa = PBXFileReference; lastKnownFileType = audio.mp3; name = crow.mp3; path = "/Volumes/Macintosh HDD/Downloads/les1/crow.mp3"; sourceTree = "<absolute>"; };
		77E48EB71CE2133600394364 /* horses.mp3 */ = {isa = PBXFileReference; lastKnownFileType = audio.mp3; name = horses.mp3; path = "/Volumes/Macintosh HDD/Downloads/les1/horses.mp3"; sourceTree = "<absolute>"; };
		77E48EBB1CE2138400394364 /* cat.mp3 */ = {isa = PBXFileReference; lastKnownFileType = audio.mp3; name = cat.mp3; path = "../../../../../Volumes/Macintosh HDD/Downloads/les1/cat.mp3"; sourceTree = "<group>"; };
/* End PBXFileReference section */

/* Begin PBXFrameworksBuildPhase section */
		77E48E9E1CE20C5600394364 /* Frameworks */ = {
			isa = PBXFrameworksBuildPhase;
			buildActionMask = 2147483647;
			files = (
			);
			runOnlyForDeploymentPostprocessing = 0;
		};
/* End PBXFrameworksBuildPhase section */

/* Begin PBXGroup section */
		77E48E981CE20C5600394364 = {
			isa = PBXGroup;
			children = (
				77E48EA31CE20C5600394364 /* Week1 */,
				77E48EA21CE20C5600394364 /* Products */,
			);
			sourceTree = "<group>";
		};
		77E48EA21CE20C5600394364 /* Products */ = {
			isa = PBXGroup;
			children = (
				77E48EA11CE20C5600394364 /* Week1.app */,
			);
			name = Products;
			sourceTree = "<group>";
		};
		77E48EA31CE20C5600394364 /* Week1 */ = {
			isa = PBXGroup;
			children = (
				77E48EBA1CE2133E00394364 /* sound */,
				77E48EA41CE20C5600394364 /* AppDelegate.swift */,
				77E48EA61CE20C5600394364 /* ViewController.swift */,
				77E48EA81CE20C5600394364 /* Main.storyboard */,
				77E48EAB1CE20C5600394364 /* Assets.xcassets */,
				77E48EAD1CE20C5600394364 /* LaunchScreen.storyboard */,
				77E48EB01CE20C5600394364 /* Info.plist */,
			);
			path = Week1;
			sourceTree = "<group>";
		};
		77E48EBA1CE2133E00394364 /* sound */ = {
			isa = PBXGroup;
			children = (
				77E48EBB1CE2138400394364 /* cat.mp3 */,
				77E48EB61CE2133600394364 /* crow.mp3 */,
				77E48EB71CE2133600394364 /* horses.mp3 */,
			);
			name = sound;
			sourceTree = "<group>";
		};
/* End PBXGroup section */

/* Begin PBXNativeTarget section */
		77E48EA01CE20C5600394364 /* Week1 */ = {
			isa = PBXNativeTarget;
			buildConfigurationList = 77E48EB31CE20C5600394364 /* Build configuration list for PBXNativeTarget "Week1" */;
			buildPhases = (
				77E48E9D1CE20C5600394364 /* Sources */,
				77E48E9E1CE20C5600394364 /* Frameworks */,
				77E48E9F1CE20C5600394364 /* Resources */,
			);
			buildRules = (
			);
			dependencies = (
			);
			name = Week1;
			productName = Week1;
			productReference = 77E48EA11CE20C5600394364 /* Week1.app */;
			productType = "com.apple.product-type.application";
		};
/* End PBXNativeTarget section */

/* Begin PBXProject section */
		77E48E991CE20C5600394364 /* Project object */ = {
			isa = PBXProject;
			attributes = {
				LastSwiftUpdateCheck = 0720;
				LastUpgradeCheck = 0720;
				ORGANIZATIONNAME = "Onur ";
				TargetAttributes = {
					77E48EA01CE20C5600394364 = {
						CreatedOnToolsVersion = 7.2;
						DevelopmentTeam = E5FR9K88TF;
					};
				};
			};
			buildConfigurationList = 77E48E9C1CE20C5600394364 /* Build configuration list for PBXProject "Week1" */;
			compatibilityVersion = "Xcode 3.2";
			developmentRegion = English;
			hasScannedForEncodings = 0;
			knownRegions = (
				en,
				Base,
			);
			mainGroup = 77E48E981CE20C5600394364;
			productRefGroup = 77E48EA21CE20C5600394364 /* Products */;
			projectDirPath = "";
			projectRoot = "";
			targets = (
				77E48EA01CE20C5600394364 /* Week1 */,
			);
		};
/* End PBXProject section */

/* Begin PBXResourcesBuildPhase section */
		77E48E9F1CE20C5600394364 /* Resources */ = {
			isa = PBXResourcesBuildPhase;
			buildActionMask = 2147483647;
			files = (
				77E48EAF1CE20C5600394364 /* LaunchScreen.storyboard in Resources */,
				77E48EB81CE2133600394364 /* crow.mp3 in Resources */,
				77E48EAC1CE20C5600394364 /* Assets.xcassets in Resources */,
				77E48EBC1CE2138400394364 /* cat.mp3 in Resources */,
				77E48EB91CE2133600394364 /* horses.mp3 in Resources */,
				77E48EAA1CE20C5600394364 /* Main.storyboard in Resources */,
			);
			runOnlyForDeploymentPostprocessing = 0;
		};
/* End PBXResourcesBuildPhase section */

/* Begin PBXSourcesBuildPhase section */
		77E48E9D1CE20C5600394364 /* Sources */ = {
			isa = PBXSourcesBuildPhase;
			buildActionMask = 2147483647;
			files = (
				77E48EA71CE20C5600394364 /* ViewController.swift in Sources */,
				77E48EA51CE20C5600394364 /* AppDelegate.swift in Sources */,
			);
			runOnlyForDeploymentPostprocessing = 0;
		};
/* End PBXSourcesBuildPhase section */

/* Begin PBXVariantGroup section */
		77E48EA81CE20C5600394364 /* Main.storyboard */ = {
			isa = PBXVariantGroup;
			children = (
				77E48EA91CE20C5600394364 /* Base */,
			);
			name = Main.storyboard;
			sourceTree = "<group>";
		};
		77E48EAD1CE20C5600394364 /* LaunchScreen.storyboard */ = {
			isa = PBXVariantGroup;
			children = (
				77E48EAE1CE20C5600394364 /* Base */,
			);
			name = LaunchScreen.storyboard;
			sourceTree = "<group>";
		};
/* End PBXVariantGroup section */

/* Begin XCBuildConfiguration section */
		77E48EB11CE20C5600394364 /* Debug */ = {
			isa = XCBuildConfiguration;
			buildSettings = {
				ALWAYS_SEARCH_USER_PATHS = NO;
				CLANG_CXX_LANGUAGE_STANDARD = "gnu++0x";
				CLANG_CXX_LIBRARY = "libc++";
				CLANG_ENABLE_MODULES = YES;
				CLANG_ENABLE_OBJC_ARC = YES;
				CLANG_WARN_BOOL_CONVERSION = YES;
				CLANG_WARN_CONSTANT_CONVERSION = YES;
				CLANG_WARN_DIRECT_OBJC_ISA_USAGE = YES_ERROR;
				CLANG_WARN_EMPTY_BODY = YES;
				CLANG_WARN_ENUM_CONVERSION = YES;
				CLANG_WARN_INT_CONVERSION = YES;
				CLANG_WARN_OBJC_ROOT_CLASS = YES_ERROR;
				CLANG_WARN_UNREACHABLE_CODE = YES;
				CLANG_WARN__DUPLICATE_METHOD_MATCH = YES;
				"CODE_SIGN_IDENTITY[sdk=iphoneos*]" = "iPhone Developer";
				COPY_PHASE_STRIP = NO;
				DEBUG_INFORMATION_FORMAT = dwarf;
				ENABLE_STRICT_OBJC_MSGSEND = YES;
				ENABLE_TESTABILITY = YES;
				GCC_C_LANGUAGE_STANDARD = gnu99;
				GCC_DYNAMIC_NO_PIC = NO;
				GCC_NO_COMMON_BLOCKS = YES;
				GCC_OPTIMIZATION_LEVEL = 0;
				GCC_PREPROCESSOR_DEFINITIONS = (
					"DEBUG=1",
					"$(inherited)",
				);
				GCC_WARN_64_TO_32_BIT_CONVERSION = YES;
				GCC_WARN_ABOUT_RETURN_TYPE = YES_ERROR;
				GCC_WARN_UNDECLARED_SELECTOR = YES;
				GCC_WARN_UNINITIALIZED_AUTOS = YES_AGGRESSIVE;
				GCC_WARN_UNUSED_FUNCTION = YES;
				GCC_WARN_UNUSED_VARIABLE = YES;
				IPHONEOS_DEPLOYMENT_TARGET = 9.2;
				MTL_ENABLE_DEBUG_INFO = YES;
				ONLY_ACTIVE_ARCH = YES;
				SDKROOT = iphoneos;
				SWIFT_OPTIMIZATION_LEVEL = "-Onone";
			};
			name = Debug;
		};
		77E48EB21CE20C5600394364 /* Release */ = {
			isa = XCBuildConfiguration;
			buildSettings = {
				ALWAYS_SEARCH_USER_PATHS = NO;
				CLANG_CXX_LANGUAGE_STANDARD = "gnu++0x";
				CLANG_CXX_LIBRARY = "libc++";
				CLANG_ENABLE_MODULES = YES;
				CLANG_ENABLE_OBJC_ARC = YES;
				CLANG_WARN_BOOL_CONVERSION = YES;
				CLANG_WARN_CONSTANT_CONVERSION = YES;
				CLANG_WARN_DIRECT_OBJC_ISA_USAGE = YES_ERROR;
				CLANG_WARN_EMPTY_BODY = YES;
				CLANG_WARN_ENUM_CONVERSION = YES;
				CLANG_WARN_INT_CONVERSION = YES;
				CLANG_WARN_OBJC_ROOT_CLASS = YES_ERROR;
				CLANG_WARN_UNREACHABLE_CODE = YES;
				CLANG_WARN__DUPLICATE_METHOD_MATCH = YES;
				"CODE_SIGN_IDENTITY[sdk=iphoneos*]" = "iPhone Developer";
				COPY_PHASE_STRIP = NO;
				DEBUG_INFORMATION_FORMAT = "dwarf-with-dsym";
				ENABLE_NS_ASSERTIONS = NO;
				ENABLE_STRICT_OBJC_MSGSEND = YES;
				GCC_C_LANGUAGE_STANDARD = gnu99;
				GCC_NO_COMMON_BLOCKS = YES;
				GCC_WARN_64_TO_32_BIT_CONVERSION = YES;
				GCC_WARN_ABOUT_RETURN_TYPE = YES_ERROR;
				GCC_WARN_UNDECLARED_SELECTOR = YES;
				GCC_WARN_UNINITIALIZED_AUTOS = YES_AGGRESSIVE;
				GCC_WARN_UNUSED_FUNCTION = YES;
				GCC_WARN_UNUSED_VARIABLE = YES;
				IPHONEOS_DEPLOYMENT_TARGET = 9.2;
				MTL_ENABLE_DEBUG_INFO = NO;
				SDKROOT = iphoneos;
				VALIDATE_PRODUCT = YES;
			};
			name = Release;
		};
		77E48EB41CE20C5600394364 /* Debug */ = {
			isa = XCBuildConfiguration;
			buildSettings = {
				ASSETCATALOG_COMPILER_APPICON_NAME = AppIcon;
				INFOPLIST_FILE = Week1/Info.plist;
				LD_RUNPATH_SEARCH_PATHS = "$(inherited) @executable_path/Frameworks";
				PRODUCT_BUNDLE_IDENTIFIER = Onur.Week1;
				PRODUCT_NAME = "$(TARGET_NAME)";
			};
			name = Debug;
		};
		77E48EB51CE20C5600394364 /* Release */ = {
			isa = XCBuildConfiguration;
			buildSettings = {
				ASSETCATALOG_COMPILER_APPICON_NAME = AppIcon;
				INFOPLIST_FILE = Week1/Info.plist;
				LD_RUNPATH_SEARCH_PATHS = "$(inherited) @executable_path/Frameworks";
				PRODUCT_BUNDLE_IDENTIFIER = Onur.Week1;
				PRODUCT_NAME = "$(TARGET_NAME)";
			};
			name = Release;
		};
/* End XCBuildConfiguration section */

/* Begin XCConfigurationList section */
		77E48E9C1CE20C5600394364 /* Build configuration list for PBXProject "Week1" */ = {
			isa = XCConfigurationList;
			buildConfigurations = (
				77E48EB11CE20C5600394364 /* Debug */,
				77E48EB21CE20C5600394364 /* Release */,
			);
			defaultConfigurationIsVisible = 0;
			defaultConfigurationName = Release;
		};
		77E48EB31CE20C5600394364 /* Build configuration list for PBXNativeTarget "Week1" */ = {
			isa = XCConfigurationList;
			buildConfigurations = (
				77E48EB41CE20C5600394364 /* Debug */,
				77E48EB51CE20C5600394364 /* Release */,
			);
			defaultConfigurationIsVisible = 0;
			defaultConfigurationName = Release;
		};
/* End XCConfigurationList section */
	};
	rootObject = 77E48E991CE20C5600394364 /* Project object */;
}
