// !$*UTF8*$!
{
	archiveVersion = 1;
	classes = {
	};
	objectVersion = 46;
	objects = {

/* Begin PBXBuildFile section */
		77AE6FEF1CE2215D00862600 /* AppDelegate.swift in Sources */ = {isa = PBXBuildFile; fileRef = 77AE6FEE1CE2215D00862600 /* AppDelegate.swift */; };
		77AE6FF11CE2215D00862600 /* ViewController.swift in Sources */ = {isa = PBXBuildFile; fileRef = 77AE6FF01CE2215D00862600 /* ViewController.swift */; };
		77AE6FF41CE2215D00862600 /* Main.storyboard in Resources */ = {isa = PBXBuildFile; fileRef = 77AE6FF21CE2215D00862600 /* Main.storyboard */; };
		77AE6FF61CE2215D00862600 /* Assets.xcassets in Resources */ = {isa = PBXBuildFile; fileRef = 77AE6FF51CE2215D00862600 /* Assets.xcassets */; };
		77AE6FF91CE2215D00862600 /* LaunchScreen.storyboard in Resources */ = {isa = PBXBuildFile; fileRef = 77AE6FF71CE2215D00862600 /* LaunchScreen.storyboard */; };
/* End PBXBuildFile section */

/* Begin PBXFileReference section */
		77AE6FEB1CE2215D00862600 /* PizzaPicker.app */ = {isa = PBXFileReference; explicitFileType = wrapper.application; includeInIndex = 0; path = PizzaPicker.app; sourceTree = BUILT_PRODUCTS_DIR; };
		77AE6FEE1CE2215D00862600 /* AppDelegate.swift */ = {isa = PBXFileReference; lastKnownFileType = sourcecode.swift; path = AppDelegate.swift; sourceTree = "<group>"; };
		77AE6FF01CE2215D00862600 /* ViewController.swift */ = {isa = PBXFileReference; lastKnownFileType = sourcecode.swift; path = ViewController.swift; sourceTree = "<group>"; };
		77AE6FF31CE2215D00862600 /* Base */ = {isa = PBXFileReference; lastKnownFileType = file.storyboard; name = Base; path = Base.lproj/Main.storyboard; sourceTree = "<group>"; };
		77AE6FF51CE2215D00862600 /* Assets.xcassets */ = {isa = PBXFileReference; lastKnownFileType = folder.assetcatalog; path = Assets.xcassets; sourceTree = "<group>"; };
		77AE6FF81CE2215D00862600 /* Base */ = {isa = PBXFileReference; lastKnownFileType = file.storyboard; name = Base; path = Base.lproj/LaunchScreen.storyboard; sourceTree = "<group>"; };
		77AE6FFA1CE2215D00862600 /* Info.plist */ = {isa = PBXFileReference; lastKnownFileType = text.plist.xml; path = Info.plist; sourceTree = "<group>"; };
/* End PBXFileReference section */

/* Begin PBXFrameworksBuildPhase section */
		77AE6FE81CE2215D00862600 /* Frameworks */ = {
			isa = PBXFrameworksBuildPhase;
			buildActionMask = 2147483647;
			files = (
			);
			runOnlyForDeploymentPostprocessing = 0;
		};
/* End PBXFrameworksBuildPhase section */

/* Begin PBXGroup section */
		77AE6FE21CE2215D00862600 = {
			isa = PBXGroup;
			children = (
				77AE6FED1CE2215D00862600 /* PizzaPicker */,
				77AE6FEC1CE2215D00862600 /* Products */,
			);
			sourceTree = "<group>";
		};
		77AE6FEC1CE2215D00862600 /* Products */ = {
			isa = PBXGroup;
			children = (
				77AE6FEB1CE2215D00862600 /* PizzaPicker.app */,
			);
			name = Products;
			sourceTree = "<group>";
		};
		77AE6FED1CE2215D00862600 /* PizzaPicker */ = {
			isa = PBXGroup;
			children = (
				77AE6FEE1CE2215D00862600 /* AppDelegate.swift */,
				77AE6FF01CE2215D00862600 /* ViewController.swift */,
				77AE6FF21CE2215D00862600 /* Main.storyboard */,
				77AE6FF51CE2215D00862600 /* Assets.xcassets */,
				77AE6FF71CE2215D00862600 /* LaunchScreen.storyboard */,
				77AE6FFA1CE2215D00862600 /* Info.plist */,
			);
			path = PizzaPicker;
			sourceTree = "<group>";
		};
/* End PBXGroup section */

/* Begin PBXNativeTarget section */
		77AE6FEA1CE2215D00862600 /* PizzaPicker */ = {
			isa = PBXNativeTarget;
			buildConfigurationList = 77AE6FFD1CE2215D00862600 /* Build configuration list for PBXNativeTarget "PizzaPicker" */;
			buildPhases = (
				77AE6FE71CE2215D00862600 /* Sources */,
				77AE6FE81CE2215D00862600 /* Frameworks */,
				77AE6FE91CE2215D00862600 /* Resources */,
			);
			buildRules = (
			);
			dependencies = (
			);
			name = PizzaPicker;
			productName = PizzaPicker;
			productReference = 77AE6FEB1CE2215D00862600 /* PizzaPicker.app */;
			productType = "com.apple.product-type.application";
		};
/* End PBXNativeTarget section */

/* Begin PBXProject section */
		77AE6FE31CE2215D00862600 /* Project object */ = {
			isa = PBXProject;
			attributes = {
				LastSwiftUpdateCheck = 0720;
				LastUpgradeCheck = 0720;
				ORGANIZATIONNAME = "Onur ";
				TargetAttributes = {
					77AE6FEA1CE2215D00862600 = {
						CreatedOnToolsVersion = 7.2;
						DevelopmentTeam = E5FR9K88TF;
					};
				};
			};
			buildConfigurationList = 77AE6FE61CE2215D00862600 /* Build configuration list for PBXProject "PizzaPicker" */;
			compatibilityVersion = "Xcode 3.2";
			developmentRegion = English;
			hasScannedForEncodings = 0;
			knownRegions = (
				en,
				Base,
			);
			mainGroup = 77AE6FE21CE2215D00862600;
			productRefGroup = 77AE6FEC1CE2215D00862600 /* Products */;
			projectDirPath = "";
			projectRoot = "";
			targets = (
				77AE6FEA1CE2215D00862600 /* PizzaPicker */,
			);
		};
/* End PBXProject section */

/* Begin PBXResourcesBuildPhase section */
		77AE6FE91CE2215D00862600 /* Resources */ = {
			isa = PBXResourcesBuildPhase;
			buildActionMask = 2147483647;
			files = (
				77AE6FF91CE2215D00862600 /* LaunchScreen.storyboard in Resources */,
				77AE6FF61CE2215D00862600 /* Assets.xcassets in Resources */,
				77AE6FF41CE2215D00862600 /* Main.storyboard in Resources */,
			);
			runOnlyForDeploymentPostprocessing = 0;
		};
/* End PBXResourcesBuildPhase section */

/* Begin PBXSourcesBuildPhase section */
		77AE6FE71CE2215D00862600 /* Sources */ = {
			isa = PBXSourcesBuildPhase;
			buildActionMask = 2147483647;
			files = (
				77AE6FF11CE2215D00862600 /* ViewController.swift in Sources */,
				77AE6FEF1CE2215D00862600 /* AppDelegate.swift in Sources */,
			);
			runOnlyForDeploymentPostprocessing = 0;
		};
/* End PBXSourcesBuildPhase section */

/* Begin PBXVariantGroup section */
		77AE6FF21CE2215D00862600 /* Main.storyboard */ = {
			isa = PBXVariantGroup;
			children = (
				77AE6FF31CE2215D00862600 /* Base */,
			);
			name = Main.storyboard;
			sourceTree = "<group>";
		};
		77AE6FF71CE2215D00862600 /* LaunchScreen.storyboard */ = {
			isa = PBXVariantGroup;
			children = (
				77AE6FF81CE2215D00862600 /* Base */,
			);
			name = LaunchScreen.storyboard;
			sourceTree = "<group>";
		};
/* End PBXVariantGroup section */

/* Begin XCBuildConfiguration section */
		77AE6FFB1CE2215D00862600 /* Debug */ = {
			isa = XCBuildConfiguration;
			buildSettings = {
				ALWAYS_SEARCH_USER_PATHS = NO;
				CLANG_CXX_LANGUAGE_STANDARD = "gnu++0x";
				CLANG_CXX_LIBRARY = "libc++";
				CLANG_ENABLE_MODULES = YES;
				CLANG_ENABLE_OBJC_ARC = YES;
				CLANG_WARN_BOOL_CONVERSION = YES;
				CLANG_WARN_CONSTANT_CONVERSION = YES;
				CLANG_WARN_DIRECT_OBJC_ISA_USAGE = YES_ERROR;
				CLANG_WARN_EMPTY_BODY = YES;
				CLANG_WARN_ENUM_CONVERSION = YES;
				CLANG_WARN_INT_CONVERSION = YES;
				CLANG_WARN_OBJC_ROOT_CLASS = YES_ERROR;
				CLANG_WARN_UNREACHABLE_CODE = YES;
				CLANG_WARN__DUPLICATE_METHOD_MATCH = YES;
				"CODE_SIGN_IDENTITY[sdk=iphoneos*]" = "iPhone Developer";
				COPY_PHASE_STRIP = NO;
				DEBUG_INFORMATION_FORMAT = dwarf;
				ENABLE_STRICT_OBJC_MSGSEND = YES;
				ENABLE_TESTABILITY = YES;
				GCC_C_LANGUAGE_STANDARD = gnu99;
				GCC_DYNAMIC_NO_PIC = NO;
				GCC_NO_COMMON_BLOCKS = YES;
				GCC_OPTIMIZATION_LEVEL = 0;
				GCC_PREPROCESSOR_DEFINITIONS = (
					"DEBUG=1",
					"$(inherited)",
				);
				GCC_WARN_64_TO_32_BIT_CONVERSION = YES;
				GCC_WARN_ABOUT_RETURN_TYPE = YES_ERROR;
				GCC_WARN_UNDECLARED_SELECTOR = YES;
				GCC_WARN_UNINITIALIZED_AUTOS = YES_AGGRESSIVE;
				GCC_WARN_UNUSED_FUNCTION = YES;
				GCC_WARN_UNUSED_VARIABLE = YES;
				IPHONEOS_DEPLOYMENT_TARGET = 9.2;
				MTL_ENABLE_DEBUG_INFO = YES;
				ONLY_ACTIVE_ARCH = YES;
				SDKROOT = iphoneos;
				SWIFT_OPTIMIZATION_LEVEL = "-Onone";
			};
			name = Debug;
		};
		77AE6FFC1CE2215D00862600 /* Release */ = {
			isa = XCBuildConfiguration;
			buildSettings = {
				ALWAYS_SEARCH_USER_PATHS = NO;
				CLANG_CXX_LANGUAGE_STANDARD = "gnu++0x";
				CLANG_CXX_LIBRARY = "libc++";
				CLANG_ENABLE_MODULES = YES;
				CLANG_ENABLE_OBJC_ARC = YES;
				CLANG_WARN_BOOL_CONVERSION = YES;
				CLANG_WARN_CONSTANT_CONVERSION = YES;
				CLANG_WARN_DIRECT_OBJC_ISA_USAGE = YES_ERROR;
				CLANG_WARN_EMPTY_BODY = YES;
				CLANG_WARN_ENUM_CONVERSION = YES;
				CLANG_WARN_INT_CONVERSION = YES;
				CLANG_WARN_OBJC_ROOT_CLASS = YES_ERROR;
				CLANG_WARN_UNREACHABLE_CODE = YES;
				CLANG_WARN__DUPLICATE_METHOD_MATCH = YES;
				"CODE_SIGN_IDENTITY[sdk=iphoneos*]" = "iPhone Developer";
				COPY_PHASE_STRIP = NO;
				DEBUG_INFORMATION_FORMAT = "dwarf-with-dsym";
				ENABLE_NS_ASSERTIONS = NO;
				ENABLE_STRICT_OBJC_MSGSEND = YES;
				GCC_C_LANGUAGE_STANDARD = gnu99;
				GCC_NO_COMMON_BLOCKS = YES;
				GCC_WARN_64_TO_32_BIT_CONVERSION = YES;
				GCC_WARN_ABOUT_RETURN_TYPE = YES_ERROR;
				GCC_WARN_UNDECLARED_SELECTOR = YES;
				GCC_WARN_UNINITIALIZED_AUTOS = YES_AGGRESSIVE;
				GCC_WARN_UNUSED_FUNCTION = YES;
				GCC_WARN_UNUSED_VARIABLE = YES;
				IPHONEOS_DEPLOYMENT_TARGET = 9.2;
				MTL_ENABLE_DEBUG_INFO = NO;
				SDKROOT = iphoneos;
				VALIDATE_PRODUCT = YES;
			};
			name = Release;
		};
		77AE6FFE1CE2215D00862600 /* Debug */ = {
			isa = XCBuildConfiguration;
			buildSettings = {
				ASSETCATALOG_COMPILER_APPICON_NAME = AppIcon;
				INFOPLIST_FILE = PizzaPicker/Info.plist;
				LD_RUNPATH_SEARCH_PATHS = "$(inherited) @executable_path/Frameworks";
				PRODUCT_BUNDLE_IDENTIFIER = Onur.PizzaPicker;
				PRODUCT_NAME = "$(TARGET_NAME)";
			};
			name = Debug;
		};
		77AE6FFF1CE2215D00862600 /* Release */ = {
			isa = XCBuildConfiguration;
			buildSettings = {
				ASSETCATALOG_COMPILER_APPICON_NAME = AppIcon;
				INFOPLIST_FILE = PizzaPicker/Info.plist;
				LD_RUNPATH_SEARCH_PATHS = "$(inherited) @executable_path/Frameworks";
				PRODUCT_BUNDLE_IDENTIFIER = Onur.PizzaPicker;
				PRODUCT_NAME = "$(TARGET_NAME)";
			};
			name = Release;
		};
/* End XCBuildConfiguration section */

/* Begin XCConfigurationList section */
		77AE6FE61CE2215D00862600 /* Build configuration list for PBXProject "PizzaPicker" */ = {
			isa = XCConfigurationList;
			buildConfigurations = (
				77AE6FFB1CE2215D00862600 /* Debug */,
				77AE6FFC1CE2215D00862600 /* Release */,
			);
			defaultConfigurationIsVisible = 0;
			defaultConfigurationName = Release;
		};
		77AE6FFD1CE2215D00862600 /* Build configuration list for PBXNativeTarget "PizzaPicker" */ = {
			isa = XCConfigurationList;
			buildConfigurations = (
				77AE6FFE1CE2215D00862600 /* Debug */,
				77AE6FFF1CE2215D00862600 /* Release */,
			);
			defaultConfigurationIsVisible = 0;
		};
/* End XCConfigurationList section */
	};
	rootObject = 77AE6FE31CE2215D00862600 /* Project object */;
}
